
Microsoft Visual Studio Solution File, Format Version 12.00
Project("{FAE04EC0-301F-11D3-BF4B-00C04F79EFBC}") = "ManagedCode.Orleans.RateLimiting.Server", "ManagedCode.Orleans.RateLimiting.Server\ManagedCode.Orleans.RateLimiting.Server.csproj", "{B1F8DB62-B1FF-4BA0-A856-CBBBC23BF7F3}"
EndProject
Project("{FAE04EC0-301F-11D3-BF4B-00C04F79EFBC}") = "ManagedCode.Orleans.RateLimiting.Tests", "ManagedCode.Orleans.RateLimiting.Tests\ManagedCode.Orleans.RateLimiting.Tests.csproj", "{6FD1A8A0-E36B-467E-99C8-0E7220B8643B}"
EndProject
Project("{FAE04EC0-301F-11D3-BF4B-00C04F79EFBC}") = "ManagedCode.Orleans.RateLimiting.Client", "ManagedCode.Orleans.RateLimiting.Client\ManagedCode.Orleans.RateLimiting.Client.csproj", "{C9756AF9-94EA-4267-BFA8-908565879B23}"
EndProject
Project("{FAE04EC0-301F-11D3-BF4B-00C04F79EFBC}") = "ManagedCode.Orleans.RateLimiting.Core", "ManagedCode.Orleans.RateLimiting.Core\ManagedCode.Orleans.RateLimiting.Core.csproj", "{78288A9B-7263-47B5-842C-0D1A8B65122F}"
EndProject
Global
	GlobalSection(SolutionConfigurationPlatforms) = preSolution
		Debug|Any CPU = Debug|Any CPU
		Release|Any CPU = Release|Any CPU
	EndGlobalSection
	GlobalSection(ProjectConfigurationPlatforms) = postSolution
		{B1F8DB62-B1FF-4BA0-A856-CBBBC23BF7F3}.Debug|Any CPU.ActiveCfg = Debug|Any CPU
		{B1F8DB62-B1FF-4BA0-A856-CBBBC23BF7F3}.Debug|Any CPU.Build.0 = Debug|Any CPU
		{B1F8DB62-B1FF-4BA0-A856-CBBBC23BF7F3}.Release|Any CPU.ActiveCfg = Release|Any CPU
		{B1F8DB62-B1FF-4BA0-A856-CBBBC23BF7F3}.Release|Any CPU.Build.0 = Release|Any CPU
		{6FD1A8A0-E36B-467E-99C8-0E7220B8643B}.Debug|Any CPU.ActiveCfg = Debug|Any CPU
		{6FD1A8A0-E36B-467E-99C8-0E7220B8643B}.Debug|Any CPU.Build.0 = Debug|Any CPU
		{6FD1A8A0-E36B-467E-99C8-0E7220B8643B}.Release|Any CPU.ActiveCfg = Release|Any CPU
		{6FD1A8A0-E36B-467E-99C8-0E7220B8643B}.Release|Any CPU.Build.0 = Release|Any CPU
		{C9756AF9-94EA-4267-BFA8-908565879B23}.Debug|Any CPU.ActiveCfg = Debug|Any CPU
		{C9756AF9-94EA-4267-BFA8-908565879B23}.Debug|Any CPU.Build.0 = Debug|Any CPU
		{C9756AF9-94EA-4267-BFA8-908565879B23}.Release|Any CPU.ActiveCfg = Release|Any CPU
		{C9756AF9-94EA-4267-BFA8-908565879B23}.Release|Any CPU.Build.0 = Release|Any CPU
		{78288A9B-7263-47B5-842C-0D1A8B65122F}.Debug|Any CPU.ActiveCfg = Debug|Any CPU
		{78288A9B-7263-47B5-842C-0D1A8B65122F}.Debug|Any CPU.Build.0 = Debug|Any CPU
		{78288A9B-7263-47B5-842C-0D1A8B65122F}.Release|Any CPU.ActiveCfg = Release|Any CPU
		{78288A9B-7263-47B5-842C-0D1A8B65122F}.Release|Any CPU.Build.0 = Release|Any CPU
	EndGlobalSection
EndGlobal
